// !$*UTF8*$!
{
	archiveVersion = 1;
	classes = {
	};
	objectVersion = 56;
	objects = {

/* Begin PBXBuildFile section */
		5421E27529B58C2200C28A82 /* PinLandMark.swift in Sources */ = {isa = PBXBuildFile; fileRef = 5421E27429B58C2200C28A82 /* PinLandMark.swift */; };
		5421E27729B59E8400C28A82 /* DetailViewController.swift in Sources */ = {isa = PBXBuildFile; fileRef = 5421E27629B59E8400C28A82 /* DetailViewController.swift */; };
		5421E27929B5A34200C28A82 /* SearchResultsTableViewController.swift in Sources */ = {isa = PBXBuildFile; fileRef = 5421E27829B5A34200C28A82 /* SearchResultsTableViewController.swift */; };
		54F9C0BA29A317C000C24F90 /* AppDelegate.swift in Sources */ = {isa = PBXBuildFile; fileRef = 54F9C0B929A317C000C24F90 /* AppDelegate.swift */; };
		54F9C0BC29A317C000C24F90 /* SceneDelegate.swift in Sources */ = {isa = PBXBuildFile; fileRef = 54F9C0BB29A317C000C24F90 /* SceneDelegate.swift */; };
		54F9C0BE29A317C000C24F90 /* MainViewController.swift in Sources */ = {isa = PBXBuildFile; fileRef = 54F9C0BD29A317C000C24F90 /* MainViewController.swift */; };
		54F9C0C129A317C000C24F90 /* Main.storyboard in Resources */ = {isa = PBXBuildFile; fileRef = 54F9C0BF29A317C000C24F90 /* Main.storyboard */; };
		54F9C0C329A317C100C24F90 /* Assets.xcassets in Resources */ = {isa = PBXBuildFile; fileRef = 54F9C0C229A317C100C24F90 /* Assets.xcassets */; };
		54F9C0C629A317C100C24F90 /* LaunchScreen.storyboard in Resources */ = {isa = PBXBuildFile; fileRef = 54F9C0C429A317C100C24F90 /* LaunchScreen.storyboard */; };
		54F9C0D129A317C100C24F90 /* Location_AppTests.swift in Sources */ = {isa = PBXBuildFile; fileRef = 54F9C0D029A317C100C24F90 /* Location_AppTests.swift */; };
		54F9C0DB29A317C100C24F90 /* Location_AppUITests.swift in Sources */ = {isa = PBXBuildFile; fileRef = 54F9C0DA29A317C100C24F90 /* Location_AppUITests.swift */; };
		54F9C0DD29A317C100C24F90 /* Location_AppUITestsLaunchTests.swift in Sources */ = {isa = PBXBuildFile; fileRef = 54F9C0DC29A317C100C24F90 /* Location_AppUITestsLaunchTests.swift */; };
/* End PBXBuildFile section */

/* Begin PBXContainerItemProxy section */
		54F9C0CD29A317C100C24F90 /* PBXContainerItemProxy */ = {
			isa = PBXContainerItemProxy;
			containerPortal = 54F9C0AE29A317C000C24F90 /* Project object */;
			proxyType = 1;
			remoteGlobalIDString = 54F9C0B529A317C000C24F90;
			remoteInfo = Location_App;
		};
		54F9C0D729A317C100C24F90 /* PBXContainerItemProxy */ = {
			isa = PBXContainerItemProxy;
			containerPortal = 54F9C0AE29A317C000C24F90 /* Project object */;
			proxyType = 1;
			remoteGlobalIDString = 54F9C0B529A317C000C24F90;
			remoteInfo = Location_App;
		};
/* End PBXContainerItemProxy section */

/* Begin PBXFileReference section */
		5421E27429B58C2200C28A82 /* PinLandMark.swift */ = {isa = PBXFileReference; lastKnownFileType = sourcecode.swift; path = PinLandMark.swift; sourceTree = "<group>"; };
		5421E27629B59E8400C28A82 /* DetailViewController.swift */ = {isa = PBXFileReference; lastKnownFileType = sourcecode.swift; path = DetailViewController.swift; sourceTree = "<group>"; };
		5421E27829B5A34200C28A82 /* SearchResultsTableViewController.swift */ = {isa = PBXFileReference; lastKnownFileType = sourcecode.swift; path = SearchResultsTableViewController.swift; sourceTree = "<group>"; };
		54F9C0B629A317C000C24F90 /* Location_App.app */ = {isa = PBXFileReference; explicitFileType = wrapper.application; includeInIndex = 0; path = Location_App.app; sourceTree = BUILT_PRODUCTS_DIR; };
		54F9C0B929A317C000C24F90 /* AppDelegate.swift */ = {isa = PBXFileReference; lastKnownFileType = sourcecode.swift; path = AppDelegate.swift; sourceTree = "<group>"; };
		54F9C0BB29A317C000C24F90 /* SceneDelegate.swift */ = {isa = PBXFileReference; lastKnownFileType = sourcecode.swift; path = SceneDelegate.swift; sourceTree = "<group>"; };
		54F9C0BD29A317C000C24F90 /* MainViewController.swift */ = {isa = PBXFileReference; lastKnownFileType = sourcecode.swift; path = MainViewController.swift; sourceTree = "<group>"; };
		54F9C0C029A317C000C24F90 /* Base */ = {isa = PBXFileReference; lastKnownFileType = file.storyboard; name = Base; path = Base.lproj/Main.storyboard; sourceTree = "<group>"; };
		54F9C0C229A317C100C24F90 /* Assets.xcassets */ = {isa = PBXFileReference; lastKnownFileType = folder.assetcatalog; path = Assets.xcassets; sourceTree = "<group>"; };
		54F9C0C529A317C100C24F90 /* Base */ = {isa = PBXFileReference; lastKnownFileType = file.storyboard; name = Base; path = Base.lproj/LaunchScreen.storyboard; sourceTree = "<group>"; };
		54F9C0C729A317C100C24F90 /* Info.plist */ = {isa = PBXFileReference; lastKnownFileType = text.plist.xml; path = Info.plist; sourceTree = "<group>"; };
		54F9C0CC29A317C100C24F90 /* Location_AppTests.xctest */ = {isa = PBXFileReference; explicitFileType = wrapper.cfbundle; includeInIndex = 0; path = Location_AppTests.xctest; sourceTree = BUILT_PRODUCTS_DIR; };
		54F9C0D029A317C100C24F90 /* Location_AppTests.swift */ = {isa = PBXFileReference; lastKnownFileType = sourcecode.swift; path = Location_AppTests.swift; sourceTree = "<group>"; };
		54F9C0D629A317C100C24F90 /* Location_AppUITests.xctest */ = {isa = PBXFileReference; explicitFileType = wrapper.cfbundle; includeInIndex = 0; path = Location_AppUITests.xctest; sourceTree = BUILT_PRODUCTS_DIR; };
		54F9C0DA29A317C100C24F90 /* Location_AppUITests.swift */ = {isa = PBXFileReference; lastKnownFileType = sourcecode.swift; path = Location_AppUITests.swift; sourceTree = "<group>"; };
		54F9C0DC29A317C100C24F90 /* Location_AppUITestsLaunchTests.swift */ = {isa = PBXFileReference; lastKnownFileType = sourcecode.swift; path = Location_AppUITestsLaunchTests.swift; sourceTree = "<group>"; };
/* End PBXFileReference section */

/* Begin PBXFrameworksBuildPhase section */
		54F9C0B329A317C000C24F90 /* Frameworks */ = {
			isa = PBXFrameworksBuildPhase;
			buildActionMask = 2147483647;
			files = (
			);
			runOnlyForDeploymentPostprocessing = 0;
		};
		54F9C0C929A317C100C24F90 /* Frameworks */ = {
			isa = PBXFrameworksBuildPhase;
			buildActionMask = 2147483647;
			files = (
			);
			runOnlyForDeploymentPostprocessing = 0;
		};
		54F9C0D329A317C100C24F90 /* Frameworks */ = {
			isa = PBXFrameworksBuildPhase;
			buildActionMask = 2147483647;
			files = (
			);
			runOnlyForDeploymentPostprocessing = 0;
		};
/* End PBXFrameworksBuildPhase section */

/* Begin PBXGroup section */
		54F9C0AD29A317C000C24F90 = {
			isa = PBXGroup;
			children = (
				54F9C0B829A317C000C24F90 /* Location_App */,
				54F9C0CF29A317C100C24F90 /* Location_AppTests */,
				54F9C0D929A317C100C24F90 /* Location_AppUITests */,
				54F9C0B729A317C000C24F90 /* Products */,
			);
			sourceTree = "<group>";
		};
		54F9C0B729A317C000C24F90 /* Products */ = {
			isa = PBXGroup;
			children = (
				54F9C0B629A317C000C24F90 /* Location_App.app */,
				54F9C0CC29A317C100C24F90 /* Location_AppTests.xctest */,
				54F9C0D629A317C100C24F90 /* Location_AppUITests.xctest */,
			);
			name = Products;
			sourceTree = "<group>";
		};
		54F9C0B829A317C000C24F90 /* Location_App */ = {
			isa = PBXGroup;
			children = (
				54F9C0B929A317C000C24F90 /* AppDelegate.swift */,
				54F9C0BB29A317C000C24F90 /* SceneDelegate.swift */,
				54F9C0BD29A317C000C24F90 /* MainViewController.swift */,
				54F9C0BF29A317C000C24F90 /* Main.storyboard */,
				54F9C0C229A317C100C24F90 /* Assets.xcassets */,
				54F9C0C429A317C100C24F90 /* LaunchScreen.storyboard */,
				54F9C0C729A317C100C24F90 /* Info.plist */,
				5421E27429B58C2200C28A82 /* PinLandMark.swift */,
				5421E27629B59E8400C28A82 /* DetailViewController.swift */,
				5421E27829B5A34200C28A82 /* SearchResultsTableViewController.swift */,
			);
			path = Location_App;
			sourceTree = "<group>";
		};
		54F9C0CF29A317C100C24F90 /* Location_AppTests */ = {
			isa = PBXGroup;
			children = (
				54F9C0D029A317C100C24F90 /* Location_AppTests.swift */,
			);
			path = Location_AppTests;
			sourceTree = "<group>";
		};
		54F9C0D929A317C100C24F90 /* Location_AppUITests */ = {
			isa = PBXGroup;
			children = (
				54F9C0DA29A317C100C24F90 /* Location_AppUITests.swift */,
				54F9C0DC29A317C100C24F90 /* Location_AppUITestsLaunchTests.swift */,
			);
			path = Location_AppUITests;
			sourceTree = "<group>";
		};
/* End PBXGroup section */

/* Begin PBXNativeTarget section */
		54F9C0B529A317C000C24F90 /* Location_App */ = {
			isa = PBXNativeTarget;
			buildConfigurationList = 54F9C0E029A317C100C24F90 /* Build configuration list for PBXNativeTarget "Location_App" */;
			buildPhases = (
				54F9C0B229A317C000C24F90 /* Sources */,
				54F9C0B329A317C000C24F90 /* Frameworks */,
				54F9C0B429A317C000C24F90 /* Resources */,
			);
			buildRules = (
			);
			dependencies = (
			);
			name = Location_App;
			productName = Location_App;
			productReference = 54F9C0B629A317C000C24F90 /* Location_App.app */;
			productType = "com.apple.product-type.application";
		};
		54F9C0CB29A317C100C24F90 /* Location_AppTests */ = {
			isa = PBXNativeTarget;
			buildConfigurationList = 54F9C0E329A317C100C24F90 /* Build configuration list for PBXNativeTarget "Location_AppTests" */;
			buildPhases = (
				54F9C0C829A317C100C24F90 /* Sources */,
				54F9C0C929A317C100C24F90 /* Frameworks */,
				54F9C0CA29A317C100C24F90 /* Resources */,
			);
			buildRules = (
			);
			dependencies = (
				54F9C0CE29A317C100C24F90 /* PBXTargetDependency */,
			);
			name = Location_AppTests;
			productName = Location_AppTests;
			productReference = 54F9C0CC29A317C100C24F90 /* Location_AppTests.xctest */;
			productType = "com.apple.product-type.bundle.unit-test";
		};
		54F9C0D529A317C100C24F90 /* Location_AppUITests */ = {
			isa = PBXNativeTarget;
			buildConfigurationList = 54F9C0E629A317C100C24F90 /* Build configuration list for PBXNativeTarget "Location_AppUITests" */;
			buildPhases = (
				54F9C0D229A317C100C24F90 /* Sources */,
				54F9C0D329A317C100C24F90 /* Frameworks */,
				54F9C0D429A317C100C24F90 /* Resources */,
			);
			buildRules = (
			);
			dependencies = (
				54F9C0D829A317C100C24F90 /* PBXTargetDependency */,
			);
			name = Location_AppUITests;
			productName = Location_AppUITests;
			productReference = 54F9C0D629A317C100C24F90 /* Location_AppUITests.xctest */;
			productType = "com.apple.product-type.bundle.ui-testing";
		};
/* End PBXNativeTarget section */

/* Begin PBXProject section */
		54F9C0AE29A317C000C24F90 /* Project object */ = {
			isa = PBXProject;
			attributes = {
				BuildIndependentTargetsInParallel = 1;
				LastSwiftUpdateCheck = 1410;
				LastUpgradeCheck = 1410;
				TargetAttributes = {
					54F9C0B529A317C000C24F90 = {
						CreatedOnToolsVersion = 14.1;
					};
					54F9C0CB29A317C100C24F90 = {
						CreatedOnToolsVersion = 14.1;
						TestTargetID = 54F9C0B529A317C000C24F90;
					};
					54F9C0D529A317C100C24F90 = {
						CreatedOnToolsVersion = 14.1;
						TestTargetID = 54F9C0B529A317C000C24F90;
					};
				};
			};
			buildConfigurationList = 54F9C0B129A317C000C24F90 /* Build configuration list for PBXProject "Location_App" */;
			compatibilityVersion = "Xcode 14.0";
			developmentRegion = en;
			hasScannedForEncodings = 0;
			knownRegions = (
				en,
				Base,
			);
			mainGroup = 54F9C0AD29A317C000C24F90;
			productRefGroup = 54F9C0B729A317C000C24F90 /* Products */;
			projectDirPath = "";
			projectRoot = "";
			targets = (
				54F9C0B529A317C000C24F90 /* Location_App */,
				54F9C0CB29A317C100C24F90 /* Location_AppTests */,
				54F9C0D529A317C100C24F90 /* Location_AppUITests */,
			);
		};
/* End PBXProject section */

/* Begin PBXResourcesBuildPhase section */
		54F9C0B429A317C000C24F90 /* Resources */ = {
			isa = PBXResourcesBuildPhase;
			buildActionMask = 2147483647;
			files = (
				54F9C0C629A317C100C24F90 /* LaunchScreen.storyboard in Resources */,
				54F9C0C329A317C100C24F90 /* Assets.xcassets in Resources */,
				54F9C0C129A317C000C24F90 /* Main.storyboard in Resources */,
			);
			runOnlyForDeploymentPostprocessing = 0;
		};
		54F9C0CA29A317C100C24F90 /* Resources */ = {
			isa = PBXResourcesBuildPhase;
			buildActionMask = 2147483647;
			files = (
			);
			runOnlyForDeploymentPostprocessing = 0;
		};
		54F9C0D429A317C100C24F90 /* Resources */ = {
			isa = PBXResourcesBuildPhase;
			buildActionMask = 2147483647;
			files = (
			);
			runOnlyForDeploymentPostprocessing = 0;
		};
/* End PBXResourcesBuildPhase section */

/* Begin PBXSourcesBuildPhase section */
		54F9C0B229A317C000C24F90 /* Sources */ = {
			isa = PBXSourcesBuildPhase;
			buildActionMask = 2147483647;
			files = (
				54F9C0BE29A317C000C24F90 /* MainViewController.swift in Sources */,
				5421E27529B58C2200C28A82 /* PinLandMark.swift in Sources */,
				5421E27929B5A34200C28A82 /* SearchResultsTableViewController.swift in Sources */,
				5421E27729B59E8400C28A82 /* DetailViewController.swift in Sources */,
				54F9C0BA29A317C000C24F90 /* AppDelegate.swift in Sources */,
				54F9C0BC29A317C000C24F90 /* SceneDelegate.swift in Sources */,
			);
			runOnlyForDeploymentPostprocessing = 0;
		};
		54F9C0C829A317C100C24F90 /* Sources */ = {
			isa = PBXSourcesBuildPhase;
			buildActionMask = 2147483647;
			files = (
				54F9C0D129A317C100C24F90 /* Location_AppTests.swift in Sources */,
			);
			runOnlyForDeploymentPostprocessing = 0;
		};
		54F9C0D229A317C100C24F90 /* Sources */ = {
			isa = PBXSourcesBuildPhase;
			buildActionMask = 2147483647;
			files = (
				54F9C0DB29A317C100C24F90 /* Location_AppUITests.swift in Sources */,
				54F9C0DD29A317C100C24F90 /* Location_AppUITestsLaunchTests.swift in Sources */,
			);
			runOnlyForDeploymentPostprocessing = 0;
		};
/* End PBXSourcesBuildPhase section */

/* Begin PBXTargetDependency section */
		54F9C0CE29A317C100C24F90 /* PBXTargetDependency */ = {
			isa = PBXTargetDependency;
			target = 54F9C0B529A317C000C24F90 /* Location_App */;
			targetProxy = 54F9C0CD29A317C100C24F90 /* PBXContainerItemProxy */;
		};
		54F9C0D829A317C100C24F90 /* PBXTargetDependency */ = {
			isa = PBXTargetDependency;
			target = 54F9C0B529A317C000C24F90 /* Location_App */;
			targetProxy = 54F9C0D729A317C100C24F90 /* PBXContainerItemProxy */;
		};
/* End PBXTargetDependency section */

/* Begin PBXVariantGroup section */
		54F9C0BF29A317C000C24F90 /* Main.storyboard */ = {
			isa = PBXVariantGroup;
			children = (
				54F9C0C029A317C000C24F90 /* Base */,
			);
			name = Main.storyboard;
			sourceTree = "<group>";
		};
		54F9C0C429A317C100C24F90 /* LaunchScreen.storyboard */ = {
			isa = PBXVariantGroup;
			children = (
				54F9C0C529A317C100C24F90 /* Base */,
			);
			name = LaunchScreen.storyboard;
			sourceTree = "<group>";
		};
/* End PBXVariantGroup section */

/* Begin XCBuildConfiguration section */
		54F9C0DE29A317C100C24F90 /* Debug */ = {
			isa = XCBuildConfiguration;
			buildSettings = {
				ALWAYS_SEARCH_USER_PATHS = NO;
				CLANG_ANALYZER_NONNULL = YES;
				CLANG_ANALYZER_NUMBER_OBJECT_CONVERSION = YES_AGGRESSIVE;
				CLANG_CXX_LANGUAGE_STANDARD = "gnu++20";
				CLANG_ENABLE_MODULES = YES;
				CLANG_ENABLE_OBJC_ARC = YES;
				CLANG_ENABLE_OBJC_WEAK = YES;
				CLANG_WARN_BLOCK_CAPTURE_AUTORELEASING = YES;
				CLANG_WARN_BOOL_CONVERSION = YES;
				CLANG_WARN_COMMA = YES;
				CLANG_WARN_CONSTANT_CONVERSION = YES;
				CLANG_WARN_DEPRECATED_OBJC_IMPLEMENTATIONS = YES;
				CLANG_WARN_DIRECT_OBJC_ISA_USAGE = YES_ERROR;
				CLANG_WARN_DOCUMENTATION_COMMENTS = YES;
				CLANG_WARN_EMPTY_BODY = YES;
				CLANG_WARN_ENUM_CONVERSION = YES;
				CLANG_WARN_INFINITE_RECURSION = YES;
				CLANG_WARN_INT_CONVERSION = YES;
				CLANG_WARN_NON_LITERAL_NULL_CONVERSION = YES;
				CLANG_WARN_OBJC_IMPLICIT_RETAIN_SELF = YES;
				CLANG_WARN_OBJC_LITERAL_CONVERSION = YES;
				CLANG_WARN_OBJC_ROOT_CLASS = YES_ERROR;
				CLANG_WARN_QUOTED_INCLUDE_IN_FRAMEWORK_HEADER = YES;
				CLANG_WARN_RANGE_LOOP_ANALYSIS = YES;
				CLANG_WARN_STRICT_PROTOTYPES = YES;
				CLANG_WARN_SUSPICIOUS_MOVE = YES;
				CLANG_WARN_UNGUARDED_AVAILABILITY = YES_AGGRESSIVE;
				CLANG_WARN_UNREACHABLE_CODE = YES;
				CLANG_WARN__DUPLICATE_METHOD_MATCH = YES;
				COPY_PHASE_STRIP = NO;
				DEBUG_INFORMATION_FORMAT = dwarf;
				ENABLE_STRICT_OBJC_MSGSEND = YES;
				ENABLE_TESTABILITY = YES;
				GCC_C_LANGUAGE_STANDARD = gnu11;
				GCC_DYNAMIC_NO_PIC = NO;
				GCC_NO_COMMON_BLOCKS = YES;
				GCC_OPTIMIZATION_LEVEL = 0;
				GCC_PREPROCESSOR_DEFINITIONS = (
					"DEBUG=1",
					"$(inherited)",
				);
				GCC_WARN_64_TO_32_BIT_CONVERSION = YES;
				GCC_WARN_ABOUT_RETURN_TYPE = YES_ERROR;
				GCC_WARN_UNDECLARED_SELECTOR = YES;
				GCC_WARN_UNINITIALIZED_AUTOS = YES_AGGRESSIVE;
				GCC_WARN_UNUSED_FUNCTION = YES;
				GCC_WARN_UNUSED_VARIABLE = YES;
				IPHONEOS_DEPLOYMENT_TARGET = 16.1;
				MTL_ENABLE_DEBUG_INFO = INCLUDE_SOURCE;
				MTL_FAST_MATH = YES;
				ONLY_ACTIVE_ARCH = YES;
				SDKROOT = iphoneos;
				SWIFT_ACTIVE_COMPILATION_CONDITIONS = DEBUG;
				SWIFT_OPTIMIZATION_LEVEL = "-Onone";
			};
			name = Debug;
		};
		54F9C0DF29A317C100C24F90 /* Release */ = {
			isa = XCBuildConfiguration;
			buildSettings = {
				ALWAYS_SEARCH_USER_PATHS = NO;
				CLANG_ANALYZER_NONNULL = YES;
				CLANG_ANALYZER_NUMBER_OBJECT_CONVERSION = YES_AGGRESSIVE;
				CLANG_CXX_LANGUAGE_STANDARD = "gnu++20";
				CLANG_ENABLE_MODULES = YES;
				CLANG_ENABLE_OBJC_ARC = YES;
				CLANG_ENABLE_OBJC_WEAK = YES;
				CLANG_WARN_BLOCK_CAPTURE_AUTORELEASING = YES;
				CLANG_WARN_BOOL_CONVERSION = YES;
				CLANG_WARN_COMMA = YES;
				CLANG_WARN_CONSTANT_CONVERSION = YES;
				CLANG_WARN_DEPRECATED_OBJC_IMPLEMENTATIONS = YES;
				CLANG_WARN_DIRECT_OBJC_ISA_USAGE = YES_ERROR;
				CLANG_WARN_DOCUMENTATION_COMMENTS = YES;
				CLANG_WARN_EMPTY_BODY = YES;
				CLANG_WARN_ENUM_CONVERSION = YES;
				CLANG_WARN_INFINITE_RECURSION = YES;
				CLANG_WARN_INT_CONVERSION = YES;
				CLANG_WARN_NON_LITERAL_NULL_CONVERSION = YES;
				CLANG_WARN_OBJC_IMPLICIT_RETAIN_SELF = YES;
				CLANG_WARN_OBJC_LITERAL_CONVERSION = YES;
				CLANG_WARN_OBJC_ROOT_CLASS = YES_ERROR;
				CLANG_WARN_QUOTED_INCLUDE_IN_FRAMEWORK_HEADER = YES;
				CLANG_WARN_RANGE_LOOP_ANALYSIS = YES;
				CLANG_WARN_STRICT_PROTOTYPES = YES;
				CLANG_WARN_SUSPICIOUS_MOVE = YES;
				CLANG_WARN_UNGUARDED_AVAILABILITY = YES_AGGRESSIVE;
				CLANG_WARN_UNREACHABLE_CODE = YES;
				CLANG_WARN__DUPLICATE_METHOD_MATCH = YES;
				COPY_PHASE_STRIP = NO;
				DEBUG_INFORMATION_FORMAT = "dwarf-with-dsym";
				ENABLE_NS_ASSERTIONS = NO;
				ENABLE_STRICT_OBJC_MSGSEND = YES;
				GCC_C_LANGUAGE_STANDARD = gnu11;
				GCC_NO_COMMON_BLOCKS = YES;
				GCC_WARN_64_TO_32_BIT_CONVERSION = YES;
				GCC_WARN_ABOUT_RETURN_TYPE = YES_ERROR;
				GCC_WARN_UNDECLARED_SELECTOR = YES;
				GCC_WARN_UNINITIALIZED_AUTOS = YES_AGGRESSIVE;
				GCC_WARN_UNUSED_FUNCTION = YES;
				GCC_WARN_UNUSED_VARIABLE = YES;
				IPHONEOS_DEPLOYMENT_TARGET = 16.1;
				MTL_ENABLE_DEBUG_INFO = NO;
				MTL_FAST_MATH = YES;
				SDKROOT = iphoneos;
				SWIFT_COMPILATION_MODE = wholemodule;
				SWIFT_OPTIMIZATION_LEVEL = "-O";
				VALIDATE_PRODUCT = YES;
			};
			name = Release;
		};
		54F9C0E129A317C100C24F90 /* Debug */ = {
			isa = XCBuildConfiguration;
			buildSettings = {
				ASSETCATALOG_COMPILER_APPICON_NAME = AppIcon;
				ASSETCATALOG_COMPILER_GLOBAL_ACCENT_COLOR_NAME = AccentColor;
				CODE_SIGN_STYLE = Automatic;
				CURRENT_PROJECT_VERSION = 1;
				GENERATE_INFOPLIST_FILE = YES;
				INFOPLIST_FILE = Location_App/Info.plist;
				INFOPLIST_KEY_UIApplicationSupportsIndirectInputEvents = YES;
				INFOPLIST_KEY_UILaunchStoryboardName = LaunchScreen;
				INFOPLIST_KEY_UIMainStoryboardFile = Main;
				INFOPLIST_KEY_UISupportedInterfaceOrientations_iPad = "UIInterfaceOrientationPortrait UIInterfaceOrientationPortraitUpsideDown UIInterfaceOrientationLandscapeLeft UIInterfaceOrientationLandscapeRight";
				INFOPLIST_KEY_UISupportedInterfaceOrientations_iPhone = "UIInterfaceOrientationPortrait UIInterfaceOrientationLandscapeLeft UIInterfaceOrientationLandscapeRight";
				LD_RUNPATH_SEARCH_PATHS = (
					"$(inherited)",
					"@executable_path/Frameworks",
				);
				MARKETING_VERSION = 1.0;
				PRODUCT_BUNDLE_IDENTIFIER = "com.ostone.Location-App";
				PRODUCT_NAME = "$(TARGET_NAME)";
				SWIFT_EMIT_LOC_STRINGS = YES;
				SWIFT_VERSION = 5.0;
				TARGETED_DEVICE_FAMILY = "1,2";
			};
			name = Debug;
		};
		54F9C0E229A317C100C24F90 /* Release */ = {
			isa = XCBuildConfiguration;
			buildSettings = {
				ASSETCATALOG_COMPILER_APPICON_NAME = AppIcon;
				ASSETCATALOG_COMPILER_GLOBAL_ACCENT_COLOR_NAME = AccentColor;
				CODE_SIGN_STYLE = Automatic;
				CURRENT_PROJECT_VERSION = 1;
				GENERATE_INFOPLIST_FILE = YES;
				INFOPLIST_FILE = Location_App/Info.plist;
				INFOPLIST_KEY_UIApplicationSupportsIndirectInputEvents = YES;
				INFOPLIST_KEY_UILaunchStoryboardName = LaunchScreen;
				INFOPLIST_KEY_UIMainStoryboardFile = Main;
				INFOPLIST_KEY_UISupportedInterfaceOrientations_iPad = "UIInterfaceOrientationPortrait UIInterfaceOrientationPortraitUpsideDown UIInterfaceOrientationLandscapeLeft UIInterfaceOrientationLandscapeRight";
				INFOPLIST_KEY_UISupportedInterfaceOrientations_iPhone = "UIInterfaceOrientationPortrait UIInterfaceOrientationLandscapeLeft UIInterfaceOrientationLandscapeRight";
				LD_RUNPATH_SEARCH_PATHS = (
					"$(inherited)",
					"@executable_path/Frameworks",
				);
				MARKETING_VERSION = 1.0;
				PRODUCT_BUNDLE_IDENTIFIER = "com.ostone.Location-App";
				PRODUCT_NAME = "$(TARGET_NAME)";
				SWIFT_EMIT_LOC_STRINGS = YES;
				SWIFT_VERSION = 5.0;
				TARGETED_DEVICE_FAMILY = "1,2";
			};
			name = Release;
		};
		54F9C0E429A317C100C24F90 /* Debug */ = {
			isa = XCBuildConfiguration;
			buildSettings = {
				ALWAYS_EMBED_SWIFT_STANDARD_LIBRARIES = YES;
				BUNDLE_LOADER = "$(TEST_HOST)";
				CODE_SIGN_STYLE = Automatic;
				CURRENT_PROJECT_VERSION = 1;
				GENERATE_INFOPLIST_FILE = YES;
				IPHONEOS_DEPLOYMENT_TARGET = 16.1;
				MARKETING_VERSION = 1.0;
				PRODUCT_BUNDLE_IDENTIFIER = "com.ostone.Location-AppTests";
				PRODUCT_NAME = "$(TARGET_NAME)";
				SWIFT_EMIT_LOC_STRINGS = NO;
				SWIFT_VERSION = 5.0;
				TARGETED_DEVICE_FAMILY = "1,2";
				TEST_HOST = "$(BUILT_PRODUCTS_DIR)/Location_App.app/$(BUNDLE_EXECUTABLE_FOLDER_PATH)/Location_App";
			};
			name = Debug;
		};
		54F9C0E529A317C100C24F90 /* Release */ = {
			isa = XCBuildConfiguration;
			buildSettings = {
				ALWAYS_EMBED_SWIFT_STANDARD_LIBRARIES = YES;
				BUNDLE_LOADER = "$(TEST_HOST)";
				CODE_SIGN_STYLE = Automatic;
				CURRENT_PROJECT_VERSION = 1;
				GENERATE_INFOPLIST_FILE = YES;
				IPHONEOS_DEPLOYMENT_TARGET = 16.1;
				MARKETING_VERSION = 1.0;
				PRODUCT_BUNDLE_IDENTIFIER = "com.ostone.Location-AppTests";
				PRODUCT_NAME = "$(TARGET_NAME)";
				SWIFT_EMIT_LOC_STRINGS = NO;
				SWIFT_VERSION = 5.0;
				TARGETED_DEVICE_FAMILY = "1,2";
				TEST_HOST = "$(BUILT_PRODUCTS_DIR)/Location_App.app/$(BUNDLE_EXECUTABLE_FOLDER_PATH)/Location_App";
			};
			name = Release;
		};
		54F9C0E729A317C100C24F90 /* Debug */ = {
			isa = XCBuildConfiguration;
			buildSettings = {
				ALWAYS_EMBED_SWIFT_STANDARD_LIBRARIES = YES;
				CODE_SIGN_STYLE = Automatic;
				CURRENT_PROJECT_VERSION = 1;
				GENERATE_INFOPLIST_FILE = YES;
				MARKETING_VERSION = 1.0;
				PRODUCT_BUNDLE_IDENTIFIER = "com.ostone.Location-AppUITests";
				PRODUCT_NAME = "$(TARGET_NAME)";
				SWIFT_EMIT_LOC_STRINGS = NO;
				SWIFT_VERSION = 5.0;
				TARGETED_DEVICE_FAMILY = "1,2";
				TEST_TARGET_NAME = Location_App;
			};
			name = Debug;
		};
		54F9C0E829A317C100C24F90 /* Release */ = {
			isa = XCBuildConfiguration;
			buildSettings = {
				ALWAYS_EMBED_SWIFT_STANDARD_LIBRARIES = YES;
				CODE_SIGN_STYLE = Automatic;
				CURRENT_PROJECT_VERSION = 1;
				GENERATE_INFOPLIST_FILE = YES;
				MARKETING_VERSION = 1.0;
				PRODUCT_BUNDLE_IDENTIFIER = "com.ostone.Location-AppUITests";
				PRODUCT_NAME = "$(TARGET_NAME)";
				SWIFT_EMIT_LOC_STRINGS = NO;
				SWIFT_VERSION = 5.0;
				TARGETED_DEVICE_FAMILY = "1,2";
				TEST_TARGET_NAME = Location_App;
			};
			name = Release;
		};
/* End XCBuildConfiguration section */

/* Begin XCConfigurationList section */
		54F9C0B129A317C000C24F90 /* Build configuration list for PBXProject "Location_App" */ = {
			isa = XCConfigurationList;
			buildConfigurations = (
				54F9C0DE29A317C100C24F90 /* Debug */,
				54F9C0DF29A317C100C24F90 /* Release */,
			);
			defaultConfigurationIsVisible = 0;
			defaultConfigurationName = Release;
		};
		54F9C0E029A317C100C24F90 /* Build configuration list for PBXNativeTarget "Location_App" */ = {
			isa = XCConfigurationList;
			buildConfigurations = (
				54F9C0E129A317C100C24F90 /* Debug */,
				54F9C0E229A317C100C24F90 /* Release */,
			);
			defaultConfigurationIsVisible = 0;
			defaultConfigurationName = Release;
		};
		54F9C0E329A317C100C24F90 /* Build configuration list for PBXNativeTarget "Location_AppTests" */ = {
			isa = XCConfigurationList;
			buildConfigurations = (
				54F9C0E429A317C100C24F90 /* Debug */,
				54F9C0E529A317C100C24F90 /* Release */,
			);
			defaultConfigurationIsVisible = 0;
			defaultConfigurationName = Release;
		};
		54F9C0E629A317C100C24F90 /* Build configuration list for PBXNativeTarget "Location_AppUITests" */ = {
			isa = XCConfigurationList;
			buildConfigurations = (
				54F9C0E729A317C100C24F90 /* Debug */,
				54F9C0E829A317C100C24F90 /* Release */,
			);
			defaultConfigurationIsVisible = 0;
			defaultConfigurationName = Release;
		};
/* End XCConfigurationList section */
	};
	rootObject = 54F9C0AE29A317C000C24F90 /* Project object */;
}
